
Microsoft Visual Studio Solution File, Format Version 12.00
# Visual Studio 15
VisualStudioVersion = 15.0.27703.2047
MinimumVisualStudioVersion = 10.0.40219.1
Project("{FAE04EC0-301F-11D3-BF4B-00C04F79EFBC}") = "AtomMediaPlayer", "AtomMediaPlayer.csproj", "{3761A65D-ACB2-4E30-9EBC-D3345F4F6A81}"
EndProject
Global
	GlobalSection(SolutionConfigurationPlatforms) = preSolution
		Debug|Any CPU = Debug|Any CPU
		Release|Any CPU = Release|Any CPU
	EndGlobalSection
	GlobalSection(ProjectConfigurationPlatforms) = postSolution
		{3761A65D-ACB2-4E30-9EBC-D3345F4F6A81}.Debug|Any CPU.ActiveCfg = Debug|Any CPU
		{3761A65D-ACB2-4E30-9EBC-D3345F4F6A81}.Debug|Any CPU.Build.0 = Debug|Any CPU
		{3761A65D-ACB2-4E30-9EBC-D3345F4F6A81}.Release|Any CPU.ActiveCfg = Release|Any CPU
		{3761A65D-ACB2-4E30-9EBC-D3345F4F6A81}.Release|Any CPU.Build.0 = Release|Any CPU
	EndGlobalSection
	GlobalSection(SolutionProperties) = preSolution
		HideSolutionNode = FALSE
	EndGlobalSection
	GlobalSection(ExtensibilityGlobals) = postSolution
		SolutionGuid = {1034A2A0-BA10-4C0D-AD1C-CC0553D79522}
	EndGlobalSection
EndGlobal
